
Microsoft Visual Studio Solution File, Format Version 12.00
# Visual Studio Version 17
VisualStudioVersion = 17.14.36518.9
MinimumVisualStudioVersion = 10.0.40219.1
Project("{FAE04EC0-301F-11D3-BF4B-00C04F79EFBC}") = "MovieWebApp", "MovieWebApp\MovieWebApp.csproj", "{24456223-B78D-46D6-AA57-B40A790C4565}"
EndProject
Project("{FAE04EC0-301F-11D3-BF4B-00C04F79EFBC}") = "MovieData", "MovieData\MovieData.csproj", "{6BE45BB3-278F-47C9-A8DD-DC9AEE00881F}"
EndProject
Global
	GlobalSection(SolutionConfigurationPlatforms) = preSolution
		Debug|Any CPU = Debug|Any CPU
		Release|Any CPU = Release|Any CPU
	EndGlobalSection
	GlobalSection(ProjectConfigurationPlatforms) = postSolution
		{24456223-B78D-46D6-AA57-B40A790C4565}.Debug|Any CPU.ActiveCfg = Debug|Any CPU
		{24456223-B78D-46D6-AA57-B40A790C4565}.Debug|Any CPU.Build.0 = Debug|Any CPU
		{24456223-B78D-46D6-AA57-B40A790C4565}.Release|Any CPU.ActiveCfg = Release|Any CPU
		{24456223-B78D-46D6-AA57-B40A790C4565}.Release|Any CPU.Build.0 = Release|Any CPU
		{6BE45BB3-278F-47C9-A8DD-DC9AEE00881F}.Debug|Any CPU.ActiveCfg = Debug|Any CPU
		{6BE45BB3-278F-47C9-A8DD-DC9AEE00881F}.Debug|Any CPU.Build.0 = Debug|Any CPU
		{6BE45BB3-278F-47C9-A8DD-DC9AEE00881F}.Release|Any CPU.ActiveCfg = Release|Any CPU
		{6BE45BB3-278F-47C9-A8DD-DC9AEE00881F}.Release|Any CPU.Build.0 = Release|Any CPU
	EndGlobalSection
	GlobalSection(SolutionProperties) = preSolution
		HideSolutionNode = FALSE
	EndGlobalSection
	GlobalSection(ExtensibilityGlobals) = postSolution
		SolutionGuid = {627F1A6E-7154-467F-BDDC-BD7C1A133FEF}
	EndGlobalSection
EndGlobal
