
Microsoft Visual Studio Solution File, Format Version 12.00
# Visual Studio Version 17
VisualStudioVersion = 17.14.36518.9 d17.14
MinimumVisualStudioVersion = 10.0.40219.1
Project("{FAE04EC0-301F-11D3-BF4B-00C04F79EFBC}") = "PresentGivers", "PresentGivers\PresentGivers.csproj", "{86B341CB-DA37-4A0A-89F5-6DDA4569BD18}"
EndProject
Project("{FAE04EC0-301F-11D3-BF4B-00C04F79EFBC}") = "Givers.Data", "Givers.Data\Givers.Data.csproj", "{70C1C002-2393-4FBD-B278-AA4E364A0923}"
EndProject
Global
	GlobalSection(SolutionConfigurationPlatforms) = preSolution
		Debug|Any CPU = Debug|Any CPU
		Release|Any CPU = Release|Any CPU
	EndGlobalSection
	GlobalSection(ProjectConfigurationPlatforms) = postSolution
		{86B341CB-DA37-4A0A-89F5-6DDA4569BD18}.Debug|Any CPU.ActiveCfg = Debug|Any CPU
		{86B341CB-DA37-4A0A-89F5-6DDA4569BD18}.Debug|Any CPU.Build.0 = Debug|Any CPU
		{86B341CB-DA37-4A0A-89F5-6DDA4569BD18}.Release|Any CPU.ActiveCfg = Release|Any CPU
		{86B341CB-DA37-4A0A-89F5-6DDA4569BD18}.Release|Any CPU.Build.0 = Release|Any CPU
		{70C1C002-2393-4FBD-B278-AA4E364A0923}.Debug|Any CPU.ActiveCfg = Debug|Any CPU
		{70C1C002-2393-4FBD-B278-AA4E364A0923}.Debug|Any CPU.Build.0 = Debug|Any CPU
		{70C1C002-2393-4FBD-B278-AA4E364A0923}.Release|Any CPU.ActiveCfg = Release|Any CPU
		{70C1C002-2393-4FBD-B278-AA4E364A0923}.Release|Any CPU.Build.0 = Release|Any CPU
	EndGlobalSection
	GlobalSection(SolutionProperties) = preSolution
		HideSolutionNode = FALSE
	EndGlobalSection
	GlobalSection(ExtensibilityGlobals) = postSolution
		SolutionGuid = {FE80E356-C5DA-4277-BCDA-E67988617B55}
	EndGlobalSection
EndGlobal
